
Microsoft Visual Studio Solution File, Format Version 12.00
# Visual Studio 15
VisualStudioVersion = 15.0.28307.489
MinimumVisualStudioVersion = 10.0.40219.1
Project("{8BC9CEB8-8B4A-11D0-8D11-00A0C91BC942}") = "C++_Database", "C++_Database\C++_Database.vcxproj", "{F739E023-9877-4736-98BB-1F3B40B02DD0}"
EndProject
Global
	GlobalSection(SolutionConfigurationPlatforms) = preSolution
		Debug|x64 = Debug|x64
		Debug|x86 = Debug|x86
		Release|x64 = Release|x64
		Release|x86 = Release|x86
	EndGlobalSection
	GlobalSection(ProjectConfigurationPlatforms) = postSolution
		{F739E023-9877-4736-98BB-1F3B40B02DD0}.Debug|x64.ActiveCfg = Debug|x64
		{F739E023-9877-4736-98BB-1F3B40B02DD0}.Debug|x64.Build.0 = Debug|x64
		{F739E023-9877-4736-98BB-1F3B40B02DD0}.Debug|x86.ActiveCfg = Debug|Win32
		{F739E023-9877-4736-98BB-1F3B40B02DD0}.Debug|x86.Build.0 = Debug|Win32
		{F739E023-9877-4736-98BB-1F3B40B02DD0}.Release|x64.ActiveCfg = Release|x64
		{F739E023-9877-4736-98BB-1F3B40B02DD0}.Release|x64.Build.0 = Release|x64
		{F739E023-9877-4736-98BB-1F3B40B02DD0}.Release|x86.ActiveCfg = Release|Win32
		{F739E023-9877-4736-98BB-1F3B40B02DD0}.Release|x86.Build.0 = Release|Win32
	EndGlobalSection
	GlobalSection(SolutionProperties) = preSolution
		HideSolutionNode = FALSE
	EndGlobalSection
	GlobalSection(ExtensibilityGlobals) = postSolution
		SolutionGuid = {BCFD35C9-AA5F-4DF8-ABD8-9647004B293A}
	EndGlobalSection
EndGlobal
